
Microsoft Visual Studio Solution File, Format Version 12.00
# Visual Studio Version 17
VisualStudioVersion = 17.3.32929.385
MinimumVisualStudioVersion = 10.0.40219.1
Project("{FAE04EC0-301F-11D3-BF4B-00C04F79EFBC}") = "csharp-oop-shop", "csharp-oop-shop.csproj", "{09A18398-4B7C-486E-98E2-612C85205295}"
EndProject
Global
	GlobalSection(SolutionConfigurationPlatforms) = preSolution
		Debug|Any CPU = Debug|Any CPU
		Release|Any CPU = Release|Any CPU
	EndGlobalSection
	GlobalSection(ProjectConfigurationPlatforms) = postSolution
		{09A18398-4B7C-486E-98E2-612C85205295}.Debug|Any CPU.ActiveCfg = Debug|Any CPU
		{09A18398-4B7C-486E-98E2-612C85205295}.Debug|Any CPU.Build.0 = Debug|Any CPU
		{09A18398-4B7C-486E-98E2-612C85205295}.Release|Any CPU.ActiveCfg = Release|Any CPU
		{09A18398-4B7C-486E-98E2-612C85205295}.Release|Any CPU.Build.0 = Release|Any CPU
	EndGlobalSection
	GlobalSection(SolutionProperties) = preSolution
		HideSolutionNode = FALSE
	EndGlobalSection
	GlobalSection(ExtensibilityGlobals) = postSolution
		SolutionGuid = {76E15953-31C6-40CA-96FF-C3F5FEF803B5}
	EndGlobalSection
EndGlobal
